// !$*UTF8*$!
{
	archiveVersion = 1;
	classes = {
	};
	objectVersion = 46;
	objects = {

/* Begin PBXBuildFile section */
		51117F2D1D087E6900C50D26 /* AppDelegate.swift in Sources */ = {isa = PBXBuildFile; fileRef = 51117F2C1D087E6900C50D26 /* AppDelegate.swift */; };
		51117F341D087E6900C50D26 /* Assets.xcassets in Resources */ = {isa = PBXBuildFile; fileRef = 51117F331D087E6900C50D26 /* Assets.xcassets */; };
		51117F371D087E6900C50D26 /* LaunchScreen.storyboard in Resources */ = {isa = PBXBuildFile; fileRef = 51117F351D087E6900C50D26 /* LaunchScreen.storyboard */; };
		51117F401D087F2400C50D26 /* MapViewController.swift in Sources */ = {isa = PBXBuildFile; fileRef = 51117F3E1D087F2400C50D26 /* MapViewController.swift */; };
		51117F411D087F2400C50D26 /* MapViewController.xib in Resources */ = {isa = PBXBuildFile; fileRef = 51117F3F1D087F2400C50D26 /* MapViewController.xib */; };
		51117F431D08841200C50D26 /* Place.swift in Sources */ = {isa = PBXBuildFile; fileRef = 51117F421D08841200C50D26 /* Place.swift */; };
		51117F461D0972E400C50D26 /* star_pink.png in Resources */ = {isa = PBXBuildFile; fileRef = 51117F451D0972E400C50D26 /* star_pink.png */; };
		51117F481D0972F500C50D26 /* star_black.png in Resources */ = {isa = PBXBuildFile; fileRef = 51117F471D0972F500C50D26 /* star_black.png */; };
		51117F751D099E9500C50D26 /* CustomTableViewCell.swift in Sources */ = {isa = PBXBuildFile; fileRef = 51117F731D099E9500C50D26 /* CustomTableViewCell.swift */; };
		512DC5251D0F25D70060ACAF /* UserController.swift in Sources */ = {isa = PBXBuildFile; fileRef = 512DC5241D0F25D70060ACAF /* UserController.swift */; };
		512DC5281D0F2DC90060ACAF /* LandingViewController.swift in Sources */ = {isa = PBXBuildFile; fileRef = 512DC5261D0F2DC90060ACAF /* LandingViewController.swift */; };
		512DC5291D0F2DC90060ACAF /* LandingViewController.xib in Resources */ = {isa = PBXBuildFile; fileRef = 512DC5271D0F2DC90060ACAF /* LandingViewController.xib */; };
		512DC52C1D0F2DE40060ACAF /* LoginViewController.swift in Sources */ = {isa = PBXBuildFile; fileRef = 512DC52A1D0F2DE40060ACAF /* LoginViewController.swift */; };
		512DC52D1D0F2DE40060ACAF /* LoginViewController.xib in Resources */ = {isa = PBXBuildFile; fileRef = 512DC52B1D0F2DE40060ACAF /* LoginViewController.xib */; };
		512DC5301D0F2E060060ACAF /* RegistrationViewController.swift in Sources */ = {isa = PBXBuildFile; fileRef = 512DC52E1D0F2E060060ACAF /* RegistrationViewController.swift */; };
		512DC5311D0F2E060060ACAF /* RegistrationViewController.xib in Resources */ = {isa = PBXBuildFile; fileRef = 512DC52F1D0F2E060060ACAF /* RegistrationViewController.xib */; };
/* End PBXBuildFile section */

/* Begin PBXFileReference section */
		51117F291D087E6900C50D26 /* i_Xplore.app */ = {isa = PBXFileReference; explicitFileType = wrapper.application; includeInIndex = 0; path = i_Xplore.app; sourceTree = BUILT_PRODUCTS_DIR; };
		51117F2C1D087E6900C50D26 /* AppDelegate.swift */ = {isa = PBXFileReference; lastKnownFileType = sourcecode.swift; path = AppDelegate.swift; sourceTree = "<group>"; };
		51117F331D087E6900C50D26 /* Assets.xcassets */ = {isa = PBXFileReference; lastKnownFileType = folder.assetcatalog; path = Assets.xcassets; sourceTree = "<group>"; };
		51117F361D087E6900C50D26 /* Base */ = {isa = PBXFileReference; lastKnownFileType = file.storyboard; name = Base; path = Base.lproj/LaunchScreen.storyboard; sourceTree = "<group>"; };
		51117F381D087E6900C50D26 /* Info.plist */ = {isa = PBXFileReference; lastKnownFileType = text.plist.xml; path = Info.plist; sourceTree = "<group>"; };
		51117F3E1D087F2400C50D26 /* MapViewController.swift */ = {isa = PBXFileReference; fileEncoding = 4; lastKnownFileType = sourcecode.swift; path = MapViewController.swift; sourceTree = "<group>"; };
		51117F3F1D087F2400C50D26 /* MapViewController.xib */ = {isa = PBXFileReference; fileEncoding = 4; lastKnownFileType = file.xib; path = MapViewController.xib; sourceTree = "<group>"; };
		51117F421D08841200C50D26 /* Place.swift */ = {isa = PBXFileReference; fileEncoding = 4; lastKnownFileType = sourcecode.swift; path = Place.swift; sourceTree = "<group>"; };
		51117F451D0972E400C50D26 /* star_pink.png */ = {isa = PBXFileReference; lastKnownFileType = image.png; name = star_pink.png; path = ../../../Downloads/star_pink.png; sourceTree = "<group>"; };
		51117F471D0972F500C50D26 /* star_black.png */ = {isa = PBXFileReference; lastKnownFileType = image.png; name = star_black.png; path = ../../../Downloads/star_black.png; sourceTree = "<group>"; };
		51117F731D099E9500C50D26 /* CustomTableViewCell.swift */ = {isa = PBXFileReference; fileEncoding = 4; lastKnownFileType = sourcecode.swift; path = CustomTableViewCell.swift; sourceTree = "<group>"; };
		512DC5241D0F25D70060ACAF /* UserController.swift */ = {isa = PBXFileReference; fileEncoding = 4; lastKnownFileType = sourcecode.swift; path = UserController.swift; sourceTree = "<group>"; };
		512DC5261D0F2DC90060ACAF /* LandingViewController.swift */ = {isa = PBXFileReference; fileEncoding = 4; lastKnownFileType = sourcecode.swift; path = LandingViewController.swift; sourceTree = "<group>"; };
		512DC5271D0F2DC90060ACAF /* LandingViewController.xib */ = {isa = PBXFileReference; fileEncoding = 4; lastKnownFileType = file.xib; path = LandingViewController.xib; sourceTree = "<group>"; };
		512DC52A1D0F2DE40060ACAF /* LoginViewController.swift */ = {isa = PBXFileReference; fileEncoding = 4; lastKnownFileType = sourcecode.swift; path = LoginViewController.swift; sourceTree = "<group>"; };
		512DC52B1D0F2DE40060ACAF /* LoginViewController.xib */ = {isa = PBXFileReference; fileEncoding = 4; lastKnownFileType = file.xib; path = LoginViewController.xib; sourceTree = "<group>"; };
		512DC52E1D0F2E060060ACAF /* RegistrationViewController.swift */ = {isa = PBXFileReference; fileEncoding = 4; lastKnownFileType = sourcecode.swift; path = RegistrationViewController.swift; sourceTree = "<group>"; };
		512DC52F1D0F2E060060ACAF /* RegistrationViewController.xib */ = {isa = PBXFileReference; fileEncoding = 4; lastKnownFileType = file.xib; path = RegistrationViewController.xib; sourceTree = "<group>"; };
/* End PBXFileReference section */

/* Begin PBXFrameworksBuildPhase section */
		51117F261D087E6900C50D26 /* Frameworks */ = {
			isa = PBXFrameworksBuildPhase;
			buildActionMask = 2147483647;
			files = (
			);
			runOnlyForDeploymentPostprocessing = 0;
		};
/* End PBXFrameworksBuildPhase section */

/* Begin PBXGroup section */
		51117F201D087E6900C50D26 = {
			isa = PBXGroup;
			children = (
				512DC5211D0F24AD0060ACAF /* Onboarding */,
				51117F441D0972D700C50D26 /* images */,
				51117F2B1D087E6900C50D26 /* i_Xplore */,
				51117F2A1D087E6900C50D26 /* Products */,
			);
			sourceTree = "<group>";
		};
		51117F2A1D087E6900C50D26 /* Products */ = {
			isa = PBXGroup;
			children = (
				51117F291D087E6900C50D26 /* i_Xplore.app */,
			);
			name = Products;
			sourceTree = "<group>";
		};
		51117F2B1D087E6900C50D26 /* i_Xplore */ = {
			isa = PBXGroup;
			children = (
				51117F2C1D087E6900C50D26 /* AppDelegate.swift */,
				51117F331D087E6900C50D26 /* Assets.xcassets */,
				51117F351D087E6900C50D26 /* LaunchScreen.storyboard */,
				51117F381D087E6900C50D26 /* Info.plist */,
				51117F3E1D087F2400C50D26 /* MapViewController.swift */,
				51117F3F1D087F2400C50D26 /* MapViewController.xib */,
				51117F421D08841200C50D26 /* Place.swift */,
				51117F731D099E9500C50D26 /* CustomTableViewCell.swift */,
			);
			path = i_Xplore;
			sourceTree = "<group>";
		};
		51117F441D0972D700C50D26 /* images */ = {
			isa = PBXGroup;
			children = (
				51117F471D0972F500C50D26 /* star_black.png */,
				51117F451D0972E400C50D26 /* star_pink.png */,
			);
			name = images;
			sourceTree = "<group>";
		};
		512DC5211D0F24AD0060ACAF /* Onboarding */ = {
			isa = PBXGroup;
			children = (
				512DC5231D0F25070060ACAF /* Model Controllers */,
				512DC5221D0F24FE0060ACAF /* Authentication */,
			);
			name = Onboarding;
			sourceTree = "<group>";
		};
		512DC5221D0F24FE0060ACAF /* Authentication */ = {
			isa = PBXGroup;
			children = (
				512DC5261D0F2DC90060ACAF /* LandingViewController.swift */,
				512DC5271D0F2DC90060ACAF /* LandingViewController.xib */,
				512DC52A1D0F2DE40060ACAF /* LoginViewController.swift */,
				512DC52B1D0F2DE40060ACAF /* LoginViewController.xib */,
				512DC52E1D0F2E060060ACAF /* RegistrationViewController.swift */,
				512DC52F1D0F2E060060ACAF /* RegistrationViewController.xib */,
			);
			name = Authentication;
			sourceTree = "<group>";
		};
		512DC5231D0F25070060ACAF /* Model Controllers */ = {
			isa = PBXGroup;
			children = (
				512DC5241D0F25D70060ACAF /* UserController.swift */,
			);
			name = "Model Controllers";
			sourceTree = "<group>";
		};
/* End PBXGroup section */

/* Begin PBXNativeTarget section */
		51117F281D087E6900C50D26 /* i_Xplore */ = {
			isa = PBXNativeTarget;
			buildConfigurationList = 51117F3B1D087E6900C50D26 /* Build configuration list for PBXNativeTarget "i_Xplore" */;
			buildPhases = (
				51117F251D087E6900C50D26 /* Sources */,
				51117F261D087E6900C50D26 /* Frameworks */,
				51117F271D087E6900C50D26 /* Resources */,
			);
			buildRules = (
			);
			dependencies = (
			);
			name = i_Xplore;
			productName = i_Xplore;
			productReference = 51117F291D087E6900C50D26 /* i_Xplore.app */;
			productType = "com.apple.product-type.application";
		};
/* End PBXNativeTarget section */

/* Begin PBXProject section */
		51117F211D087E6900C50D26 /* Project object */ = {
			isa = PBXProject;
			attributes = {
				LastSwiftUpdateCheck = 0730;
				LastUpgradeCheck = 0730;
				ORGANIZATIONNAME = "Justin Gasta";
				TargetAttributes = {
					51117F281D087E6900C50D26 = {
						CreatedOnToolsVersion = 7.3.1;
					};
				};
			};
			buildConfigurationList = 51117F241D087E6900C50D26 /* Build configuration list for PBXProject "i_Xplore" */;
			compatibilityVersion = "Xcode 3.2";
			developmentRegion = English;
			hasScannedForEncodings = 0;
			knownRegions = (
				en,
				Base,
			);
			mainGroup = 51117F201D087E6900C50D26;
			productRefGroup = 51117F2A1D087E6900C50D26 /* Products */;
			projectDirPath = "";
			projectRoot = "";
			targets = (
				51117F281D087E6900C50D26 /* i_Xplore */,
			);
		};
/* End PBXProject section */

/* Begin PBXResourcesBuildPhase section */
		51117F271D087E6900C50D26 /* Resources */ = {
			isa = PBXResourcesBuildPhase;
			buildActionMask = 2147483647;
			files = (
				512DC5291D0F2DC90060ACAF /* LandingViewController.xib in Resources */,
				512DC5311D0F2E060060ACAF /* RegistrationViewController.xib in Resources */,
				51117F371D087E6900C50D26 /* LaunchScreen.storyboard in Resources */,
				51117F411D087F2400C50D26 /* MapViewController.xib in Resources */,
				51117F481D0972F500C50D26 /* star_black.png in Resources */,
				51117F341D087E6900C50D26 /* Assets.xcassets in Resources */,
				512DC52D1D0F2DE40060ACAF /* LoginViewController.xib in Resources */,
				51117F461D0972E400C50D26 /* star_pink.png in Resources */,
			);
			runOnlyForDeploymentPostprocessing = 0;
		};
/* End PBXResourcesBuildPhase section */

/* Begin PBXSourcesBuildPhase section */
		51117F251D087E6900C50D26 /* Sources */ = {
			isa = PBXSourcesBuildPhase;
			buildActionMask = 2147483647;
			files = (
				512DC52C1D0F2DE40060ACAF /* LoginViewController.swift in Sources */,
				51117F431D08841200C50D26 /* Place.swift in Sources */,
				512DC5301D0F2E060060ACAF /* RegistrationViewController.swift in Sources */,
				51117F2D1D087E6900C50D26 /* AppDelegate.swift in Sources */,
				512DC5251D0F25D70060ACAF /* UserController.swift in Sources */,
				51117F751D099E9500C50D26 /* CustomTableViewCell.swift in Sources */,
				512DC5281D0F2DC90060ACAF /* LandingViewController.swift in Sources */,
				51117F401D087F2400C50D26 /* MapViewController.swift in Sources */,
			);
			runOnlyForDeploymentPostprocessing = 0;
		};
/* End PBXSourcesBuildPhase section */

/* Begin PBXVariantGroup section */
		51117F351D087E6900C50D26 /* LaunchScreen.storyboard */ = {
			isa = PBXVariantGroup;
			children = (
				51117F361D087E6900C50D26 /* Base */,
			);
			name = LaunchScreen.storyboard;
			sourceTree = "<group>";
		};
/* End PBXVariantGroup section */

/* Begin XCBuildConfiguration section */
		51117F391D087E6900C50D26 /* Debug */ = {
			isa = XCBuildConfiguration;
			buildSettings = {
				ALWAYS_SEARCH_USER_PATHS = NO;
				CLANG_ANALYZER_NONNULL = YES;
				CLANG_CXX_LANGUAGE_STANDARD = "gnu++0x";
				CLANG_CXX_LIBRARY = "libc++";
				CLANG_ENABLE_MODULES = YES;
				CLANG_ENABLE_OBJC_ARC = YES;
				CLANG_WARN_BOOL_CONVERSION = YES;
				CLANG_WARN_CONSTANT_CONVERSION = YES;
				CLANG_WARN_DIRECT_OBJC_ISA_USAGE = YES_ERROR;
				CLANG_WARN_EMPTY_BODY = YES;
				CLANG_WARN_ENUM_CONVERSION = YES;
				CLANG_WARN_INT_CONVERSION = YES;
				CLANG_WARN_OBJC_ROOT_CLASS = YES_ERROR;
				CLANG_WARN_UNREACHABLE_CODE = YES;
				CLANG_WARN__DUPLICATE_METHOD_MATCH = YES;
				"CODE_SIGN_IDENTITY[sdk=iphoneos*]" = "iPhone Developer";
				COPY_PHASE_STRIP = NO;
				DEBUG_INFORMATION_FORMAT = dwarf;
				ENABLE_STRICT_OBJC_MSGSEND = YES;
				ENABLE_TESTABILITY = YES;
				GCC_C_LANGUAGE_STANDARD = gnu99;
				GCC_DYNAMIC_NO_PIC = NO;
				GCC_NO_COMMON_BLOCKS = YES;
				GCC_OPTIMIZATION_LEVEL = 0;
				GCC_PREPROCESSOR_DEFINITIONS = (
					"DEBUG=1",
					"$(inherited)",
				);
				GCC_WARN_64_TO_32_BIT_CONVERSION = YES;
				GCC_WARN_ABOUT_RETURN_TYPE = YES_ERROR;
				GCC_WARN_UNDECLARED_SELECTOR = YES;
				GCC_WARN_UNINITIALIZED_AUTOS = YES_AGGRESSIVE;
				GCC_WARN_UNUSED_FUNCTION = YES;
				GCC_WARN_UNUSED_VARIABLE = YES;
				IPHONEOS_DEPLOYMENT_TARGET = 9.3;
				MTL_ENABLE_DEBUG_INFO = YES;
				ONLY_ACTIVE_ARCH = YES;
				SDKROOT = iphoneos;
				SWIFT_OPTIMIZATION_LEVEL = "-Onone";
			};
			name = Debug;
		};
		51117F3A1D087E6900C50D26 /* Release */ = {
			isa = XCBuildConfiguration;
			buildSettings = {
				ALWAYS_SEARCH_USER_PATHS = NO;
				CLANG_ANALYZER_NONNULL = YES;
				CLANG_CXX_LANGUAGE_STANDARD = "gnu++0x";
				CLANG_CXX_LIBRARY = "libc++";
				CLANG_ENABLE_MODULES = YES;
				CLANG_ENABLE_OBJC_ARC = YES;
				CLANG_WARN_BOOL_CONVERSION = YES;
				CLANG_WARN_CONSTANT_CONVERSION = YES;
				CLANG_WARN_DIRECT_OBJC_ISA_USAGE = YES_ERROR;
				CLANG_WARN_EMPTY_BODY = YES;
				CLANG_WARN_ENUM_CONVERSION = YES;
				CLANG_WARN_INT_CONVERSION = YES;
				CLANG_WARN_OBJC_ROOT_CLASS = YES_ERROR;
				CLANG_WARN_UNREACHABLE_CODE = YES;
				CLANG_WARN__DUPLICATE_METHOD_MATCH = YES;
				"CODE_SIGN_IDENTITY[sdk=iphoneos*]" = "iPhone Developer";
				COPY_PHASE_STRIP = NO;
				DEBUG_INFORMATION_FORMAT = "dwarf-with-dsym";
				ENABLE_NS_ASSERTIONS = NO;
				ENABLE_STRICT_OBJC_MSGSEND = YES;
				GCC_C_LANGUAGE_STANDARD = gnu99;
				GCC_NO_COMMON_BLOCKS = YES;
				GCC_WARN_64_TO_32_BIT_CONVERSION = YES;
				GCC_WARN_ABOUT_RETURN_TYPE = YES_ERROR;
				GCC_WARN_UNDECLARED_SELECTOR = YES;
				GCC_WARN_UNINITIALIZED_AUTOS = YES_AGGRESSIVE;
				GCC_WARN_UNUSED_FUNCTION = YES;
				GCC_WARN_UNUSED_VARIABLE = YES;
				IPHONEOS_DEPLOYMENT_TARGET = 9.3;
				MTL_ENABLE_DEBUG_INFO = NO;
				SDKROOT = iphoneos;
				VALIDATE_PRODUCT = YES;
			};
			name = Release;
		};
		51117F3C1D087E6900C50D26 /* Debug */ = {
			isa = XCBuildConfiguration;
			buildSettings = {
				ASSETCATALOG_COMPILER_APPICON_NAME = AppIcon;
				INFOPLIST_FILE = i_Xplore/Info.plist;
				LD_RUNPATH_SEARCH_PATHS = "$(inherited) @executable_path/Frameworks";
				PRODUCT_BUNDLE_IDENTIFIER = "com.org.i-Xplore";
				PRODUCT_NAME = "$(TARGET_NAME)";
			};
			name = Debug;
		};
		51117F3D1D087E6900C50D26 /* Release */ = {
			isa = XCBuildConfiguration;
			buildSettings = {
				ASSETCATALOG_COMPILER_APPICON_NAME = AppIcon;
				INFOPLIST_FILE = i_Xplore/Info.plist;
				LD_RUNPATH_SEARCH_PATHS = "$(inherited) @executable_path/Frameworks";
				PRODUCT_BUNDLE_IDENTIFIER = "com.org.i-Xplore";
				PRODUCT_NAME = "$(TARGET_NAME)";
			};
			name = Release;
		};
/* End XCBuildConfiguration section */

/* Begin XCConfigurationList section */
		51117F241D087E6900C50D26 /* Build configuration list for PBXProject "i_Xplore" */ = {
			isa = XCConfigurationList;
			buildConfigurations = (
				51117F391D087E6900C50D26 /* Debug */,
				51117F3A1D087E6900C50D26 /* Release */,
			);
			defaultConfigurationIsVisible = 0;
			defaultConfigurationName = Release;
		};
		51117F3B1D087E6900C50D26 /* Build configuration list for PBXNativeTarget "i_Xplore" */ = {
			isa = XCConfigurationList;
			buildConfigurations = (
				51117F3C1D087E6900C50D26 /* Debug */,
				51117F3D1D087E6900C50D26 /* Release */,
			);
			defaultConfigurationIsVisible = 0;
			defaultConfigurationName = Release;
		};
/* End XCConfigurationList section */
	};
	rootObject = 51117F211D087E6900C50D26 /* Project object */;
}
